
Microsoft Visual Studio Solution File, Format Version 12.00
# Visual Studio Version 16
VisualStudioVersion = 16.0.30717.126
MinimumVisualStudioVersion = 10.0.40219.1
Project("{FAE04EC0-301F-11D3-BF4B-00C04F79EFBC}") = "OSSystemsQuiz", "OSSystemsQuiz.csproj", "{9259E6FB-9502-4B42-9A60-C7CB91904685}"
EndProject
Global
	GlobalSection(SolutionConfigurationPlatforms) = preSolution
		Debug|Any CPU = Debug|Any CPU
		Release|Any CPU = Release|Any CPU
	EndGlobalSection
	GlobalSection(ProjectConfigurationPlatforms) = postSolution
		{9259E6FB-9502-4B42-9A60-C7CB91904685}.Debug|Any CPU.ActiveCfg = Debug|Any CPU
		{9259E6FB-9502-4B42-9A60-C7CB91904685}.Debug|Any CPU.Build.0 = Debug|Any CPU
		{9259E6FB-9502-4B42-9A60-C7CB91904685}.Release|Any CPU.ActiveCfg = Release|Any CPU
		{9259E6FB-9502-4B42-9A60-C7CB91904685}.Release|Any CPU.Build.0 = Release|Any CPU
	EndGlobalSection
	GlobalSection(SolutionProperties) = preSolution
		HideSolutionNode = FALSE
	EndGlobalSection
	GlobalSection(ExtensibilityGlobals) = postSolution
		SolutionGuid = {2DCFA679-E1C0-4960-BE64-58E9AB15DD3B}
	EndGlobalSection
EndGlobal
